
Microsoft Visual Studio Solution File, Format Version 12.00
# Visual Studio 15
VisualStudioVersion = 15.0.28307.489
MinimumVisualStudioVersion = 10.0.40219.1
Project("{8BC9CEB8-8B4A-11D0-8D11-00A0C91BC942}") = "AES", "AES\AES.vcxproj", "{72085D82-D335-40F6-BE69-6A1B643ED4FC}"
EndProject
Global
	GlobalSection(SolutionConfigurationPlatforms) = preSolution
		Debug|x64 = Debug|x64
		Debug|x86 = Debug|x86
		Release|x64 = Release|x64
		Release|x86 = Release|x86
	EndGlobalSection
	GlobalSection(ProjectConfigurationPlatforms) = postSolution
		{72085D82-D335-40F6-BE69-6A1B643ED4FC}.Debug|x64.ActiveCfg = Debug|x64
		{72085D82-D335-40F6-BE69-6A1B643ED4FC}.Debug|x64.Build.0 = Debug|x64
		{72085D82-D335-40F6-BE69-6A1B643ED4FC}.Debug|x86.ActiveCfg = Debug|Win32
		{72085D82-D335-40F6-BE69-6A1B643ED4FC}.Debug|x86.Build.0 = Debug|Win32
		{72085D82-D335-40F6-BE69-6A1B643ED4FC}.Release|x64.ActiveCfg = Release|x64
		{72085D82-D335-40F6-BE69-6A1B643ED4FC}.Release|x64.Build.0 = Release|x64
		{72085D82-D335-40F6-BE69-6A1B643ED4FC}.Release|x86.ActiveCfg = Release|Win32
		{72085D82-D335-40F6-BE69-6A1B643ED4FC}.Release|x86.Build.0 = Release|Win32
	EndGlobalSection
	GlobalSection(SolutionProperties) = preSolution
		HideSolutionNode = FALSE
	EndGlobalSection
	GlobalSection(ExtensibilityGlobals) = postSolution
		SolutionGuid = {C218D61B-8901-42C5-8B31-71CA1229A23E}
	EndGlobalSection
EndGlobal
